
Microsoft Visual Studio Solution File, Format Version 12.00
# Visual Studio 2012
Project("{FAE04EC0-301F-11D3-BF4B-00C04F79EFBC}") = "TestRepository", "TestRepository\TestRepository.csproj", "{A0AA6F57-015B-4D4A-98AB-D93751399BE1}"
EndProject
Global
	GlobalSection(SolutionConfigurationPlatforms) = preSolution
		Debug|Any CPU = Debug|Any CPU
		Release|Any CPU = Release|Any CPU
	EndGlobalSection
	GlobalSection(ProjectConfigurationPlatforms) = postSolution
		{A0AA6F57-015B-4D4A-98AB-D93751399BE1}.Debug|Any CPU.ActiveCfg = Debug|Any CPU
		{A0AA6F57-015B-4D4A-98AB-D93751399BE1}.Debug|Any CPU.Build.0 = Debug|Any CPU
		{A0AA6F57-015B-4D4A-98AB-D93751399BE1}.Release|Any CPU.ActiveCfg = Release|Any CPU
		{A0AA6F57-015B-4D4A-98AB-D93751399BE1}.Release|Any CPU.Build.0 = Release|Any CPU
	EndGlobalSection
	GlobalSection(SolutionProperties) = preSolution
		HideSolutionNode = FALSE
	EndGlobalSection
EndGlobal
